
Microsoft Visual Studio Solution File, Format Version 12.00
# Visual Studio Version 16
VisualStudioVersion = 16.0.30907.101
MinimumVisualStudioVersion = 10.0.40219.1
Project("{FAE04EC0-301F-11D3-BF4B-00C04F79EFBC}") = "LINQ", "LINQ\LINQ.csproj", "{8326DFB2-A890-4DAB-BE83-4AC4B220CF66}"
EndProject
Global
	GlobalSection(SolutionConfigurationPlatforms) = preSolution
		Debug|Any CPU = Debug|Any CPU
		Release|Any CPU = Release|Any CPU
	EndGlobalSection
	GlobalSection(ProjectConfigurationPlatforms) = postSolution
		{8326DFB2-A890-4DAB-BE83-4AC4B220CF66}.Debug|Any CPU.ActiveCfg = Debug|Any CPU
		{8326DFB2-A890-4DAB-BE83-4AC4B220CF66}.Debug|Any CPU.Build.0 = Debug|Any CPU
		{8326DFB2-A890-4DAB-BE83-4AC4B220CF66}.Release|Any CPU.ActiveCfg = Release|Any CPU
		{8326DFB2-A890-4DAB-BE83-4AC4B220CF66}.Release|Any CPU.Build.0 = Release|Any CPU
	EndGlobalSection
	GlobalSection(SolutionProperties) = preSolution
		HideSolutionNode = FALSE
	EndGlobalSection
	GlobalSection(ExtensibilityGlobals) = postSolution
		SolutionGuid = {5A0A0670-3CD2-45F9-AD5E-F0D8EEBA8645}
	EndGlobalSection
EndGlobal
